github.com/yuin/goldmark-astquery v1.0.1 h1:80QJF8HBkfGkqnuV4M16pqgMdxk4vvi3K1eYeY01MhA=
github.com/yuin/goldmark-astquery v1.0.1/go.mod h1:RysRTcR1wQ4KFRPY5s1+kZIJRcZQeH/QjIYXGFq4uKU=
github.com/yuin/goldmark/v2 v2.0.2 h1:EktZ68oBzPJS9WuPAcDmABSMUaHdQSbRYvZrnAb5/Hg=
github.com/yuin/goldmark/v2 v2.0.2/go.mod h1:G6M4/qOFtfn01/o14BU1UR2Lo5N3S9Qo7xCuz/sHjGQ=
